
Microsoft Visual Studio Solution File, Format Version 12.00
# Visual Studio Version 17
VisualStudioVersion = 17.13.35806.99 d17.13
MinimumVisualStudioVersion = 10.0.40219.1
Project("{FAE04EC0-301F-11D3-BF4B-00C04F79EFBC}") = "ICE_Task3", "ICE_Task3.csproj", "{A49742F1-BA1F-4849-BA11-B15927C45A03}"
EndProject
Global
	GlobalSection(SolutionConfigurationPlatforms) = preSolution
		Debug|Any CPU = Debug|Any CPU
		Release|Any CPU = Release|Any CPU
	EndGlobalSection
	GlobalSection(ProjectConfigurationPlatforms) = postSolution
		{A49742F1-BA1F-4849-BA11-B15927C45A03}.Debug|Any CPU.ActiveCfg = Debug|Any CPU
		{A49742F1-BA1F-4849-BA11-B15927C45A03}.Debug|Any CPU.Build.0 = Debug|Any CPU
		{A49742F1-BA1F-4849-BA11-B15927C45A03}.Release|Any CPU.ActiveCfg = Release|Any CPU
		{A49742F1-BA1F-4849-BA11-B15927C45A03}.Release|Any CPU.Build.0 = Release|Any CPU
	EndGlobalSection
	GlobalSection(SolutionProperties) = preSolution
		HideSolutionNode = FALSE
	EndGlobalSection
	GlobalSection(ExtensibilityGlobals) = postSolution
		SolutionGuid = {BE9E05A6-56F3-42E3-A265-A8B1E416DFE5}
	EndGlobalSection
EndGlobal
